// !$*UTF8*$!
{
	archiveVersion = 1;
	classes = {
	};
	objectVersion = 51;
	objects = {

/* Begin PBXBuildFile section */
		A9C4DF40ED9EA8AC42D84FEB /* Pods_PageControllerHomework.framework in Frameworks */ = {isa = PBXBuildFile; fileRef = 27C9F5E1B770D5406AD7BA30 /* Pods_PageControllerHomework.framework */; };
		B9019EDD2645649800520721 /* AppDelegate.swift in Sources */ = {isa = PBXBuildFile; fileRef = B9019EDC2645649800520721 /* AppDelegate.swift */; };
		B9019EDF2645649800520721 /* SceneDelegate.swift in Sources */ = {isa = PBXBuildFile; fileRef = B9019EDE2645649800520721 /* SceneDelegate.swift */; };
		B9019EE12645649800520721 /* ViewController.swift in Sources */ = {isa = PBXBuildFile; fileRef = B9019EE02645649800520721 /* ViewController.swift */; };
		B9019EE42645649800520721 /* Main.storyboard in Resources */ = {isa = PBXBuildFile; fileRef = B9019EE22645649800520721 /* Main.storyboard */; };
		B9019EE62645649A00520721 /* Assets.xcassets in Resources */ = {isa = PBXBuildFile; fileRef = B9019EE52645649A00520721 /* Assets.xcassets */; };
		B9019EE92645649A00520721 /* LaunchScreen.storyboard in Resources */ = {isa = PBXBuildFile; fileRef = B9019EE72645649A00520721 /* LaunchScreen.storyboard */; };
		B9019EF72645842F00520721 /* locationpin.json in Resources */ = {isa = PBXBuildFile; fileRef = B9019EF62645842F00520721 /* locationpin.json */; };
		B9019EF92645870600520721 /* notificationbell.json in Resources */ = {isa = PBXBuildFile; fileRef = B9019EF82645870600520721 /* notificationbell.json */; };
		B9019EFB264594C100520721 /* rocket.json in Resources */ = {isa = PBXBuildFile; fileRef = B9019EFA264594C100520721 /* rocket.json */; };
/* End PBXBuildFile section */

/* Begin PBXFileReference section */
		27C9F5E1B770D5406AD7BA30 /* Pods_PageControllerHomework.framework */ = {isa = PBXFileReference; explicitFileType = wrapper.framework; includeInIndex = 0; path = Pods_PageControllerHomework.framework; sourceTree = BUILT_PRODUCTS_DIR; };
		960A3EF525ADD5096CFFD215 /* Pods-PageControllerHomework.debug.xcconfig */ = {isa = PBXFileReference; includeInIndex = 1; lastKnownFileType = text.xcconfig; name = "Pods-PageControllerHomework.debug.xcconfig"; path = "Target Support Files/Pods-PageControllerHomework/Pods-PageControllerHomework.debug.xcconfig"; sourceTree = "<group>"; };
		B9019ED92645649800520721 /* PageControllerHomework.app */ = {isa = PBXFileReference; explicitFileType = wrapper.application; includeInIndex = 0; path = PageControllerHomework.app; sourceTree = BUILT_PRODUCTS_DIR; };
		B9019EDC2645649800520721 /* AppDelegate.swift */ = {isa = PBXFileReference; lastKnownFileType = sourcecode.swift; path = AppDelegate.swift; sourceTree = "<group>"; };
		B9019EDE2645649800520721 /* SceneDelegate.swift */ = {isa = PBXFileReference; lastKnownFileType = sourcecode.swift; path = SceneDelegate.swift; sourceTree = "<group>"; };
		B9019EE02645649800520721 /* ViewController.swift */ = {isa = PBXFileReference; lastKnownFileType = sourcecode.swift; path = ViewController.swift; sourceTree = "<group>"; };
		B9019EE32645649800520721 /* Base */ = {isa = PBXFileReference; lastKnownFileType = file.storyboard; name = Base; path = Base.lproj/Main.storyboard; sourceTree = "<group>"; };
		B9019EE52645649A00520721 /* Assets.xcassets */ = {isa = PBXFileReference; lastKnownFileType = folder.assetcatalog; path = Assets.xcassets; sourceTree = "<group>"; };
		B9019EE82645649A00520721 /* Base */ = {isa = PBXFileReference; lastKnownFileType = file.storyboard; name = Base; path = Base.lproj/LaunchScreen.storyboard; sourceTree = "<group>"; };
		B9019EEA2645649A00520721 /* Info.plist */ = {isa = PBXFileReference; lastKnownFileType = text.plist.xml; path = Info.plist; sourceTree = "<group>"; };
		B9019EF62645842F00520721 /* locationpin.json */ = {isa = PBXFileReference; fileEncoding = 4; lastKnownFileType = text.json; path = locationpin.json; sourceTree = "<group>"; };
		B9019EF82645870600520721 /* notificationbell.json */ = {isa = PBXFileReference; fileEncoding = 4; lastKnownFileType = text.json; path = notificationbell.json; sourceTree = "<group>"; };
		B9019EFA264594C100520721 /* rocket.json */ = {isa = PBXFileReference; fileEncoding = 4; lastKnownFileType = text.json; path = rocket.json; sourceTree = "<group>"; };
		C3E40E34E2078D2B7A5CDE9C /* Pods-PageControllerHomework.release.xcconfig */ = {isa = PBXFileReference; includeInIndex = 1; lastKnownFileType = text.xcconfig; name = "Pods-PageControllerHomework.release.xcconfig"; path = "Target Support Files/Pods-PageControllerHomework/Pods-PageControllerHomework.release.xcconfig"; sourceTree = "<group>"; };
/* End PBXFileReference section */

/* Begin PBXFrameworksBuildPhase section */
		B9019ED62645649800520721 /* Frameworks */ = {
			isa = PBXFrameworksBuildPhase;
			buildActionMask = 2147483647;
			files = (
				A9C4DF40ED9EA8AC42D84FEB /* Pods_PageControllerHomework.framework in Frameworks */,
			);
			runOnlyForDeploymentPostprocessing = 0;
		};
/* End PBXFrameworksBuildPhase section */

/* Begin PBXGroup section */
		6D52D4B60FB089B558E1578B /* Frameworks */ = {
			isa = PBXGroup;
			children = (
				27C9F5E1B770D5406AD7BA30 /* Pods_PageControllerHomework.framework */,
			);
			name = Frameworks;
			sourceTree = "<group>";
		};
		8E47086603379069C3BC9C7F /* Pods */ = {
			isa = PBXGroup;
			children = (
				960A3EF525ADD5096CFFD215 /* Pods-PageControllerHomework.debug.xcconfig */,
				C3E40E34E2078D2B7A5CDE9C /* Pods-PageControllerHomework.release.xcconfig */,
			);
			path = Pods;
			sourceTree = "<group>";
		};
		B9019ED02645649800520721 = {
			isa = PBXGroup;
			children = (
				B9019EDB2645649800520721 /* PageControllerHomework */,
				B9019EDA2645649800520721 /* Products */,
				8E47086603379069C3BC9C7F /* Pods */,
				6D52D4B60FB089B558E1578B /* Frameworks */,
			);
			sourceTree = "<group>";
		};
		B9019EDA2645649800520721 /* Products */ = {
			isa = PBXGroup;
			children = (
				B9019ED92645649800520721 /* PageControllerHomework.app */,
			);
			name = Products;
			sourceTree = "<group>";
		};
		B9019EDB2645649800520721 /* PageControllerHomework */ = {
			isa = PBXGroup;
			children = (
				B9019EDC2645649800520721 /* AppDelegate.swift */,
				B9019EDE2645649800520721 /* SceneDelegate.swift */,
				B9019EE02645649800520721 /* ViewController.swift */,
				B9019EE22645649800520721 /* Main.storyboard */,
				B9019EE52645649A00520721 /* Assets.xcassets */,
				B9019EE72645649A00520721 /* LaunchScreen.storyboard */,
				B9019EF62645842F00520721 /* locationpin.json */,
				B9019EF82645870600520721 /* notificationbell.json */,
				B9019EFA264594C100520721 /* rocket.json */,
				B9019EEA2645649A00520721 /* Info.plist */,
			);
			path = PageControllerHomework;
			sourceTree = "<group>";
		};
/* End PBXGroup section */

/* Begin PBXNativeTarget section */
		B9019ED82645649800520721 /* PageControllerHomework */ = {
			isa = PBXNativeTarget;
			buildConfigurationList = B9019EED2645649A00520721 /* Build configuration list for PBXNativeTarget "PageControllerHomework" */;
			buildPhases = (
				E06A3301BCC0A33B925B1484 /* [CP] Check Pods Manifest.lock */,
				B9019ED52645649800520721 /* Sources */,
				B9019ED62645649800520721 /* Frameworks */,
				B9019ED72645649800520721 /* Resources */,
				B3AFB318E851536C3F87A7F0 /* [CP] Embed Pods Frameworks */,
			);
			buildRules = (
			);
			dependencies = (
			);
			name = PageControllerHomework;
			productName = PageControllerHomework;
			productReference = B9019ED92645649800520721 /* PageControllerHomework.app */;
			productType = "com.apple.product-type.application";
		};
/* End PBXNativeTarget section */

/* Begin PBXProject section */
		B9019ED12645649800520721 /* Project object */ = {
			isa = PBXProject;
			attributes = {
				LastSwiftUpdateCheck = 1250;
				LastUpgradeCheck = 1250;
				TargetAttributes = {
					B9019ED82645649800520721 = {
						CreatedOnToolsVersion = 12.5;
					};
				};
			};
			buildConfigurationList = B9019ED42645649800520721 /* Build configuration list for PBXProject "PageControllerHomework" */;
			compatibilityVersion = "Xcode 9.3";
			developmentRegion = en;
			hasScannedForEncodings = 0;
			knownRegions = (
				en,
				Base,
			);
			mainGroup = B9019ED02645649800520721;
			productRefGroup = B9019EDA2645649800520721 /* Products */;
			projectDirPath = "";
			projectRoot = "";
			targets = (
				B9019ED82645649800520721 /* PageControllerHomework */,
			);
		};
/* End PBXProject section */

/* Begin PBXResourcesBuildPhase section */
		B9019ED72645649800520721 /* Resources */ = {
			isa = PBXResourcesBuildPhase;
			buildActionMask = 2147483647;
			files = (
				B9019EF72645842F00520721 /* locationpin.json in Resources */,
				B9019EF92645870600520721 /* notificationbell.json in Resources */,
				B9019EE92645649A00520721 /* LaunchScreen.storyboard in Resources */,
				B9019EE62645649A00520721 /* Assets.xcassets in Resources */,
				B9019EE42645649800520721 /* Main.storyboard in Resources */,
				B9019EFB264594C100520721 /* rocket.json in Resources */,
			);
			runOnlyForDeploymentPostprocessing = 0;
		};
/* End PBXResourcesBuildPhase section */

/* Begin PBXShellScriptBuildPhase section */
		B3AFB318E851536C3F87A7F0 /* [CP] Embed Pods Frameworks */ = {
			isa = PBXShellScriptBuildPhase;
			buildActionMask = 2147483647;
			files = (
			);
			inputFileListPaths = (
				"${PODS_ROOT}/Target Support Files/Pods-PageControllerHomework/Pods-PageControllerHomework-frameworks-${CONFIGURATION}-input-files.xcfilelist",
			);
			name = "[CP] Embed Pods Frameworks";
			outputFileListPaths = (
				"${PODS_ROOT}/Target Support Files/Pods-PageControllerHomework/Pods-PageControllerHomework-frameworks-${CONFIGURATION}-output-files.xcfilelist",
			);
			runOnlyForDeploymentPostprocessing = 0;
			shellPath = /bin/sh;
			shellScript = "\"${PODS_ROOT}/Target Support Files/Pods-PageControllerHomework/Pods-PageControllerHomework-frameworks.sh\"\n";
			showEnvVarsInLog = 0;
		};
		E06A3301BCC0A33B925B1484 /* [CP] Check Pods Manifest.lock */ = {
			isa = PBXShellScriptBuildPhase;
			buildActionMask = 2147483647;
			files = (
			);
			inputFileListPaths = (
			);
			inputPaths = (
				"${PODS_PODFILE_DIR_PATH}/Podfile.lock",
				"${PODS_ROOT}/Manifest.lock",
			);
			name = "[CP] Check Pods Manifest.lock";
			outputFileListPaths = (
			);
			outputPaths = (
				"$(DERIVED_FILE_DIR)/Pods-PageControllerHomework-checkManifestLockResult.txt",
			);
			runOnlyForDeploymentPostprocessing = 0;
			shellPath = /bin/sh;
			shellScript = "diff \"${PODS_PODFILE_DIR_PATH}/Podfile.lock\" \"${PODS_ROOT}/Manifest.lock\" > /dev/null\nif [ $? != 0 ] ; then\n    # print error to STDERR\n    echo \"error: The sandbox is not in sync with the Podfile.lock. Run 'pod install' or update your CocoaPods installation.\" >&2\n    exit 1\nfi\n# This output is used by Xcode 'outputs' to avoid re-running this script phase.\necho \"SUCCESS\" > \"${SCRIPT_OUTPUT_FILE_0}\"\n";
			showEnvVarsInLog = 0;
		};
/* End PBXShellScriptBuildPhase section */

/* Begin PBXSourcesBuildPhase section */
		B9019ED52645649800520721 /* Sources */ = {
			isa = PBXSourcesBuildPhase;
			buildActionMask = 2147483647;
			files = (
				B9019EE12645649800520721 /* ViewController.swift in Sources */,
				B9019EDD2645649800520721 /* AppDelegate.swift in Sources */,
				B9019EDF2645649800520721 /* SceneDelegate.swift in Sources */,
			);
			runOnlyForDeploymentPostprocessing = 0;
		};
/* End PBXSourcesBuildPhase section */

/* Begin PBXVariantGroup section */
		B9019EE22645649800520721 /* Main.storyboard */ = {
			isa = PBXVariantGroup;
			children = (
				B9019EE32645649800520721 /* Base */,
			);
			name = Main.storyboard;
			sourceTree = "<group>";
		};
		B9019EE72645649A00520721 /* LaunchScreen.storyboard */ = {
			isa = PBXVariantGroup;
			children = (
				B9019EE82645649A00520721 /* Base */,
			);
			name = LaunchScreen.storyboard;
			sourceTree = "<group>";
		};
/* End PBXVariantGroup section */

/* Begin XCBuildConfiguration section */
		B9019EEB2645649A00520721 /* Debug */ = {
			isa = XCBuildConfiguration;
			buildSettings = {
				ALWAYS_SEARCH_USER_PATHS = NO;
				CLANG_ANALYZER_NONNULL = YES;
				CLANG_ANALYZER_NUMBER_OBJECT_CONVERSION = YES_AGGRESSIVE;
				CLANG_CXX_LANGUAGE_STANDARD = "gnu++14";
				CLANG_CXX_LIBRARY = "libc++";
				CLANG_ENABLE_MODULES = YES;
				CLANG_ENABLE_OBJC_ARC = YES;
				CLANG_ENABLE_OBJC_WEAK = YES;
				CLANG_WARN_BLOCK_CAPTURE_AUTORELEASING = YES;
				CLANG_WARN_BOOL_CONVERSION = YES;
				CLANG_WARN_COMMA = YES;
				CLANG_WARN_CONSTANT_CONVERSION = YES;
				CLANG_WARN_DEPRECATED_OBJC_IMPLEMENTATIONS = YES;
				CLANG_WARN_DIRECT_OBJC_ISA_USAGE = YES_ERROR;
				CLANG_WARN_DOCUMENTATION_COMMENTS = YES;
				CLANG_WARN_EMPTY_BODY = YES;
				CLANG_WARN_ENUM_CONVERSION = YES;
				CLANG_WARN_INFINITE_RECURSION = YES;
				CLANG_WARN_INT_CONVERSION = YES;
				CLANG_WARN_NON_LITERAL_NULL_CONVERSION = YES;
				CLANG_WARN_OBJC_IMPLICIT_RETAIN_SELF = YES;
				CLANG_WARN_OBJC_LITERAL_CONVERSION = YES;
				CLANG_WARN_OBJC_ROOT_CLASS = YES_ERROR;
				CLANG_WARN_QUOTED_INCLUDE_IN_FRAMEWORK_HEADER = YES;
				CLANG_WARN_RANGE_LOOP_ANALYSIS = YES;
				CLANG_WARN_STRICT_PROTOTYPES = YES;
				CLANG_WARN_SUSPICIOUS_MOVE = YES;
				CLANG_WARN_UNGUARDED_AVAILABILITY = YES_AGGRESSIVE;
				CLANG_WARN_UNREACHABLE_CODE = YES;
				CLANG_WARN__DUPLICATE_METHOD_MATCH = YES;
				COPY_PHASE_STRIP = NO;
				DEBUG_INFORMATION_FORMAT = dwarf;
				ENABLE_STRICT_OBJC_MSGSEND = YES;
				ENABLE_TESTABILITY = YES;
				GCC_C_LANGUAGE_STANDARD = gnu11;
				GCC_DYNAMIC_NO_PIC = NO;
				GCC_NO_COMMON_BLOCKS = YES;
				GCC_OPTIMIZATION_LEVEL = 0;
				GCC_PREPROCESSOR_DEFINITIONS = (
					"DEBUG=1",
					"$(inherited)",
				);
				GCC_WARN_64_TO_32_BIT_CONVERSION = YES;
				GCC_WARN_ABOUT_RETURN_TYPE = YES_ERROR;
				GCC_WARN_UNDECLARED_SELECTOR = YES;
				GCC_WARN_UNINITIALIZED_AUTOS = YES_AGGRESSIVE;
				GCC_WARN_UNUSED_FUNCTION = YES;
				GCC_WARN_UNUSED_VARIABLE = YES;
				IPHONEOS_DEPLOYMENT_TARGET = 14.5;
				MTL_ENABLE_DEBUG_INFO = INCLUDE_SOURCE;
				MTL_FAST_MATH = YES;
				ONLY_ACTIVE_ARCH = YES;
				SDKROOT = iphoneos;
				SWIFT_ACTIVE_COMPILATION_CONDITIONS = DEBUG;
				SWIFT_OPTIMIZATION_LEVEL = "-Onone";
			};
			name = Debug;
		};
		B9019EEC2645649A00520721 /* Release */ = {
			isa = XCBuildConfiguration;
			buildSettings = {
				ALWAYS_SEARCH_USER_PATHS = NO;
				CLANG_ANALYZER_NONNULL = YES;
				CLANG_ANALYZER_NUMBER_OBJECT_CONVERSION = YES_AGGRESSIVE;
				CLANG_CXX_LANGUAGE_STANDARD = "gnu++14";
				CLANG_CXX_LIBRARY = "libc++";
				CLANG_ENABLE_MODULES = YES;
				CLANG_ENABLE_OBJC_ARC = YES;
				CLANG_ENABLE_OBJC_WEAK = YES;
				CLANG_WARN_BLOCK_CAPTURE_AUTORELEASING = YES;
				CLANG_WARN_BOOL_CONVERSION = YES;
				CLANG_WARN_COMMA = YES;
				CLANG_WARN_CONSTANT_CONVERSION = YES;
				CLANG_WARN_DEPRECATED_OBJC_IMPLEMENTATIONS = YES;
				CLANG_WARN_DIRECT_OBJC_ISA_USAGE = YES_ERROR;
				CLANG_WARN_DOCUMENTATION_COMMENTS = YES;
				CLANG_WARN_EMPTY_BODY = YES;
				CLANG_WARN_ENUM_CONVERSION = YES;
				CLANG_WARN_INFINITE_RECURSION = YES;
				CLANG_WARN_INT_CONVERSION = YES;
				CLANG_WARN_NON_LITERAL_NULL_CONVERSION = YES;
				CLANG_WARN_OBJC_IMPLICIT_RETAIN_SELF = YES;
				CLANG_WARN_OBJC_LITERAL_CONVERSION = YES;
				CLANG_WARN_OBJC_ROOT_CLASS = YES_ERROR;
				CLANG_WARN_QUOTED_INCLUDE_IN_FRAMEWORK_HEADER = YES;
				CLANG_WARN_RANGE_LOOP_ANALYSIS = YES;
				CLANG_WARN_STRICT_PROTOTYPES = YES;
				CLANG_WARN_SUSPICIOUS_MOVE = YES;
				CLANG_WARN_UNGUARDED_AVAILABILITY = YES_AGGRESSIVE;
				CLANG_WARN_UNREACHABLE_CODE = YES;
				CLANG_WARN__DUPLICATE_METHOD_MATCH = YES;
				COPY_PHASE_STRIP = NO;
				DEBUG_INFORMATION_FORMAT = "dwarf-with-dsym";
				ENABLE_NS_ASSERTIONS = NO;
				ENABLE_STRICT_OBJC_MSGSEND = YES;
				GCC_C_LANGUAGE_STANDARD = gnu11;
				GCC_NO_COMMON_BLOCKS = YES;
				GCC_WARN_64_TO_32_BIT_CONVERSION = YES;
				GCC_WARN_ABOUT_RETURN_TYPE = YES_ERROR;
				GCC_WARN_UNDECLARED_SELECTOR = YES;
				GCC_WARN_UNINITIALIZED_AUTOS = YES_AGGRESSIVE;
				GCC_WARN_UNUSED_FUNCTION = YES;
				GCC_WARN_UNUSED_VARIABLE = YES;
				IPHONEOS_DEPLOYMENT_TARGET = 14.5;
				MTL_ENABLE_DEBUG_INFO = NO;
				MTL_FAST_MATH = YES;
				SDKROOT = iphoneos;
				SWIFT_COMPILATION_MODE = wholemodule;
				SWIFT_OPTIMIZATION_LEVEL = "-O";
				VALIDATE_PRODUCT = YES;
			};
			name = Release;
		};
		B9019EEE2645649A00520721 /* Debug */ = {
			isa = XCBuildConfiguration;
			baseConfigurationReference = 960A3EF525ADD5096CFFD215 /* Pods-PageControllerHomework.debug.xcconfig */;
			buildSettings = {
				ASSETCATALOG_COMPILER_APPICON_NAME = AppIcon;
				ASSETCATALOG_COMPILER_GLOBAL_ACCENT_COLOR_NAME = AccentColor;
				CODE_SIGN_STYLE = Automatic;
				DEVELOPMENT_TEAM = WKZGS852Y3;
				INFOPLIST_FILE = PageControllerHomework/Info.plist;
				LD_RUNPATH_SEARCH_PATHS = (
					"$(inherited)",
					"@executable_path/Frameworks",
				);
				PRODUCT_BUNDLE_IDENTIFIER = com.demirhanoguz.PageControllerHomework;
				PRODUCT_NAME = "$(TARGET_NAME)";
				SWIFT_VERSION = 5.0;
				TARGETED_DEVICE_FAMILY = "1,2";
			};
			name = Debug;
		};
		B9019EEF2645649A00520721 /* Release */ = {
			isa = XCBuildConfiguration;
			baseConfigurationReference = C3E40E34E2078D2B7A5CDE9C /* Pods-PageControllerHomework.release.xcconfig */;
			buildSettings = {
				ASSETCATALOG_COMPILER_APPICON_NAME = AppIcon;
				ASSETCATALOG_COMPILER_GLOBAL_ACCENT_COLOR_NAME = AccentColor;
				CODE_SIGN_STYLE = Automatic;
				DEVELOPMENT_TEAM = WKZGS852Y3;
				INFOPLIST_FILE = PageControllerHomework/Info.plist;
				LD_RUNPATH_SEARCH_PATHS = (
					"$(inherited)",
					"@executable_path/Frameworks",
				);
				PRODUCT_BUNDLE_IDENTIFIER = com.demirhanoguz.PageControllerHomework;
				PRODUCT_NAME = "$(TARGET_NAME)";
				SWIFT_VERSION = 5.0;
				TARGETED_DEVICE_FAMILY = "1,2";
			};
			name = Release;
		};
/* End XCBuildConfiguration section */

/* Begin XCConfigurationList section */
		B9019ED42645649800520721 /* Build configuration list for PBXProject "PageControllerHomework" */ = {
			isa = XCConfigurationList;
			buildConfigurations = (
				B9019EEB2645649A00520721 /* Debug */,
				B9019EEC2645649A00520721 /* Release */,
			);
			defaultConfigurationIsVisible = 0;
			defaultConfigurationName = Release;
		};
		B9019EED2645649A00520721 /* Build configuration list for PBXNativeTarget "PageControllerHomework" */ = {
			isa = XCConfigurationList;
			buildConfigurations = (
				B9019EEE2645649A00520721 /* Debug */,
				B9019EEF2645649A00520721 /* Release */,
			);
			defaultConfigurationIsVisible = 0;
			defaultConfigurationName = Release;
		};
/* End XCConfigurationList section */
	};
	rootObject = B9019ED12645649800520721 /* Project object */;
}
