// !$*UTF8*$!
{
	archiveVersion = 1;
	classes = {
	};
	objectVersion = 50;
	objects = {

/* Begin PBXBuildFile section */
		B9019F0926459E0400520721 /* AppDelegate.swift in Sources */ = {isa = PBXBuildFile; fileRef = B9019F0826459E0400520721 /* AppDelegate.swift */; };
		B9019F0B26459E0400520721 /* SceneDelegate.swift in Sources */ = {isa = PBXBuildFile; fileRef = B9019F0A26459E0400520721 /* SceneDelegate.swift */; };
		B9019F0D26459E0400520721 /* ViewController.swift in Sources */ = {isa = PBXBuildFile; fileRef = B9019F0C26459E0400520721 /* ViewController.swift */; };
		B9019F1026459E0400520721 /* Main.storyboard in Resources */ = {isa = PBXBuildFile; fileRef = B9019F0E26459E0400520721 /* Main.storyboard */; };
		B9019F1226459E0600520721 /* Assets.xcassets in Resources */ = {isa = PBXBuildFile; fileRef = B9019F1126459E0600520721 /* Assets.xcassets */; };
		B9019F1526459E0600520721 /* LaunchScreen.storyboard in Resources */ = {isa = PBXBuildFile; fileRef = B9019F1326459E0600520721 /* LaunchScreen.storyboard */; };
		B91E23932645E4BB00AE3A2A /* EmptyTableViewCell.swift in Sources */ = {isa = PBXBuildFile; fileRef = B91E23912645E4BB00AE3A2A /* EmptyTableViewCell.swift */; };
		B91E23942645E4BB00AE3A2A /* EmptyTableViewCell.xib in Resources */ = {isa = PBXBuildFile; fileRef = B91E23922645E4BB00AE3A2A /* EmptyTableViewCell.xib */; };
/* End PBXBuildFile section */

/* Begin PBXFileReference section */
		B9019F0526459E0400520721 /* SearchbarCustomCellHomework.app */ = {isa = PBXFileReference; explicitFileType = wrapper.application; includeInIndex = 0; path = SearchbarCustomCellHomework.app; sourceTree = BUILT_PRODUCTS_DIR; };
		B9019F0826459E0400520721 /* AppDelegate.swift */ = {isa = PBXFileReference; lastKnownFileType = sourcecode.swift; path = AppDelegate.swift; sourceTree = "<group>"; };
		B9019F0A26459E0400520721 /* SceneDelegate.swift */ = {isa = PBXFileReference; lastKnownFileType = sourcecode.swift; path = SceneDelegate.swift; sourceTree = "<group>"; };
		B9019F0C26459E0400520721 /* ViewController.swift */ = {isa = PBXFileReference; lastKnownFileType = sourcecode.swift; path = ViewController.swift; sourceTree = "<group>"; };
		B9019F0F26459E0400520721 /* Base */ = {isa = PBXFileReference; lastKnownFileType = file.storyboard; name = Base; path = Base.lproj/Main.storyboard; sourceTree = "<group>"; };
		B9019F1126459E0600520721 /* Assets.xcassets */ = {isa = PBXFileReference; lastKnownFileType = folder.assetcatalog; path = Assets.xcassets; sourceTree = "<group>"; };
		B9019F1426459E0600520721 /* Base */ = {isa = PBXFileReference; lastKnownFileType = file.storyboard; name = Base; path = Base.lproj/LaunchScreen.storyboard; sourceTree = "<group>"; };
		B9019F1626459E0600520721 /* Info.plist */ = {isa = PBXFileReference; lastKnownFileType = text.plist.xml; path = Info.plist; sourceTree = "<group>"; };
		B91E23912645E4BB00AE3A2A /* EmptyTableViewCell.swift */ = {isa = PBXFileReference; lastKnownFileType = sourcecode.swift; path = EmptyTableViewCell.swift; sourceTree = "<group>"; };
		B91E23922645E4BB00AE3A2A /* EmptyTableViewCell.xib */ = {isa = PBXFileReference; lastKnownFileType = file.xib; path = EmptyTableViewCell.xib; sourceTree = "<group>"; };
/* End PBXFileReference section */

/* Begin PBXFrameworksBuildPhase section */
		B9019F0226459E0400520721 /* Frameworks */ = {
			isa = PBXFrameworksBuildPhase;
			buildActionMask = 2147483647;
			files = (
			);
			runOnlyForDeploymentPostprocessing = 0;
		};
/* End PBXFrameworksBuildPhase section */

/* Begin PBXGroup section */
		B9019EFC26459E0400520721 = {
			isa = PBXGroup;
			children = (
				B9019F0726459E0400520721 /* SearchbarCustomCellHomework */,
				B9019F0626459E0400520721 /* Products */,
			);
			sourceTree = "<group>";
		};
		B9019F0626459E0400520721 /* Products */ = {
			isa = PBXGroup;
			children = (
				B9019F0526459E0400520721 /* SearchbarCustomCellHomework.app */,
			);
			name = Products;
			sourceTree = "<group>";
		};
		B9019F0726459E0400520721 /* SearchbarCustomCellHomework */ = {
			isa = PBXGroup;
			children = (
				B9019F0826459E0400520721 /* AppDelegate.swift */,
				B9019F0A26459E0400520721 /* SceneDelegate.swift */,
				B9019F0C26459E0400520721 /* ViewController.swift */,
				B9019F0E26459E0400520721 /* Main.storyboard */,
				B9019F1126459E0600520721 /* Assets.xcassets */,
				B9019F1326459E0600520721 /* LaunchScreen.storyboard */,
				B9019F1626459E0600520721 /* Info.plist */,
				B91E23912645E4BB00AE3A2A /* EmptyTableViewCell.swift */,
				B91E23922645E4BB00AE3A2A /* EmptyTableViewCell.xib */,
			);
			path = SearchbarCustomCellHomework;
			sourceTree = "<group>";
		};
/* End PBXGroup section */

/* Begin PBXNativeTarget section */
		B9019F0426459E0400520721 /* SearchbarCustomCellHomework */ = {
			isa = PBXNativeTarget;
			buildConfigurationList = B9019F1926459E0600520721 /* Build configuration list for PBXNativeTarget "SearchbarCustomCellHomework" */;
			buildPhases = (
				B9019F0126459E0400520721 /* Sources */,
				B9019F0226459E0400520721 /* Frameworks */,
				B9019F0326459E0400520721 /* Resources */,
			);
			buildRules = (
			);
			dependencies = (
			);
			name = SearchbarCustomCellHomework;
			productName = SearchbarCustomCellHomework;
			productReference = B9019F0526459E0400520721 /* SearchbarCustomCellHomework.app */;
			productType = "com.apple.product-type.application";
		};
/* End PBXNativeTarget section */

/* Begin PBXProject section */
		B9019EFD26459E0400520721 /* Project object */ = {
			isa = PBXProject;
			attributes = {
				LastSwiftUpdateCheck = 1250;
				LastUpgradeCheck = 1250;
				TargetAttributes = {
					B9019F0426459E0400520721 = {
						CreatedOnToolsVersion = 12.5;
					};
				};
			};
			buildConfigurationList = B9019F0026459E0400520721 /* Build configuration list for PBXProject "SearchbarCustomCellHomework" */;
			compatibilityVersion = "Xcode 9.3";
			developmentRegion = en;
			hasScannedForEncodings = 0;
			knownRegions = (
				en,
				Base,
			);
			mainGroup = B9019EFC26459E0400520721;
			productRefGroup = B9019F0626459E0400520721 /* Products */;
			projectDirPath = "";
			projectRoot = "";
			targets = (
				B9019F0426459E0400520721 /* SearchbarCustomCellHomework */,
			);
		};
/* End PBXProject section */

/* Begin PBXResourcesBuildPhase section */
		B9019F0326459E0400520721 /* Resources */ = {
			isa = PBXResourcesBuildPhase;
			buildActionMask = 2147483647;
			files = (
				B9019F1526459E0600520721 /* LaunchScreen.storyboard in Resources */,
				B91E23942645E4BB00AE3A2A /* EmptyTableViewCell.xib in Resources */,
				B9019F1226459E0600520721 /* Assets.xcassets in Resources */,
				B9019F1026459E0400520721 /* Main.storyboard in Resources */,
			);
			runOnlyForDeploymentPostprocessing = 0;
		};
/* End PBXResourcesBuildPhase section */

/* Begin PBXSourcesBuildPhase section */
		B9019F0126459E0400520721 /* Sources */ = {
			isa = PBXSourcesBuildPhase;
			buildActionMask = 2147483647;
			files = (
				B9019F0D26459E0400520721 /* ViewController.swift in Sources */,
				B91E23932645E4BB00AE3A2A /* EmptyTableViewCell.swift in Sources */,
				B9019F0926459E0400520721 /* AppDelegate.swift in Sources */,
				B9019F0B26459E0400520721 /* SceneDelegate.swift in Sources */,
			);
			runOnlyForDeploymentPostprocessing = 0;
		};
/* End PBXSourcesBuildPhase section */

/* Begin PBXVariantGroup section */
		B9019F0E26459E0400520721 /* Main.storyboard */ = {
			isa = PBXVariantGroup;
			children = (
				B9019F0F26459E0400520721 /* Base */,
			);
			name = Main.storyboard;
			sourceTree = "<group>";
		};
		B9019F1326459E0600520721 /* LaunchScreen.storyboard */ = {
			isa = PBXVariantGroup;
			children = (
				B9019F1426459E0600520721 /* Base */,
			);
			name = LaunchScreen.storyboard;
			sourceTree = "<group>";
		};
/* End PBXVariantGroup section */

/* Begin XCBuildConfiguration section */
		B9019F1726459E0600520721 /* Debug */ = {
			isa = XCBuildConfiguration;
			buildSettings = {
				ALWAYS_SEARCH_USER_PATHS = NO;
				CLANG_ANALYZER_NONNULL = YES;
				CLANG_ANALYZER_NUMBER_OBJECT_CONVERSION = YES_AGGRESSIVE;
				CLANG_CXX_LANGUAGE_STANDARD = "gnu++14";
				CLANG_CXX_LIBRARY = "libc++";
				CLANG_ENABLE_MODULES = YES;
				CLANG_ENABLE_OBJC_ARC = YES;
				CLANG_ENABLE_OBJC_WEAK = YES;
				CLANG_WARN_BLOCK_CAPTURE_AUTORELEASING = YES;
				CLANG_WARN_BOOL_CONVERSION = YES;
				CLANG_WARN_COMMA = YES;
				CLANG_WARN_CONSTANT_CONVERSION = YES;
				CLANG_WARN_DEPRECATED_OBJC_IMPLEMENTATIONS = YES;
				CLANG_WARN_DIRECT_OBJC_ISA_USAGE = YES_ERROR;
				CLANG_WARN_DOCUMENTATION_COMMENTS = YES;
				CLANG_WARN_EMPTY_BODY = YES;
				CLANG_WARN_ENUM_CONVERSION = YES;
				CLANG_WARN_INFINITE_RECURSION = YES;
				CLANG_WARN_INT_CONVERSION = YES;
				CLANG_WARN_NON_LITERAL_NULL_CONVERSION = YES;
				CLANG_WARN_OBJC_IMPLICIT_RETAIN_SELF = YES;
				CLANG_WARN_OBJC_LITERAL_CONVERSION = YES;
				CLANG_WARN_OBJC_ROOT_CLASS = YES_ERROR;
				CLANG_WARN_QUOTED_INCLUDE_IN_FRAMEWORK_HEADER = YES;
				CLANG_WARN_RANGE_LOOP_ANALYSIS = YES;
				CLANG_WARN_STRICT_PROTOTYPES = YES;
				CLANG_WARN_SUSPICIOUS_MOVE = YES;
				CLANG_WARN_UNGUARDED_AVAILABILITY = YES_AGGRESSIVE;
				CLANG_WARN_UNREACHABLE_CODE = YES;
				CLANG_WARN__DUPLICATE_METHOD_MATCH = YES;
				COPY_PHASE_STRIP = NO;
				DEBUG_INFORMATION_FORMAT = dwarf;
				ENABLE_STRICT_OBJC_MSGSEND = YES;
				ENABLE_TESTABILITY = YES;
				GCC_C_LANGUAGE_STANDARD = gnu11;
				GCC_DYNAMIC_NO_PIC = NO;
				GCC_NO_COMMON_BLOCKS = YES;
				GCC_OPTIMIZATION_LEVEL = 0;
				GCC_PREPROCESSOR_DEFINITIONS = (
					"DEBUG=1",
					"$(inherited)",
				);
				GCC_WARN_64_TO_32_BIT_CONVERSION = YES;
				GCC_WARN_ABOUT_RETURN_TYPE = YES_ERROR;
				GCC_WARN_UNDECLARED_SELECTOR = YES;
				GCC_WARN_UNINITIALIZED_AUTOS = YES_AGGRESSIVE;
				GCC_WARN_UNUSED_FUNCTION = YES;
				GCC_WARN_UNUSED_VARIABLE = YES;
				IPHONEOS_DEPLOYMENT_TARGET = 14.5;
				MTL_ENABLE_DEBUG_INFO = INCLUDE_SOURCE;
				MTL_FAST_MATH = YES;
				ONLY_ACTIVE_ARCH = YES;
				SDKROOT = iphoneos;
				SWIFT_ACTIVE_COMPILATION_CONDITIONS = DEBUG;
				SWIFT_OPTIMIZATION_LEVEL = "-Onone";
			};
			name = Debug;
		};
		B9019F1826459E0600520721 /* Release */ = {
			isa = XCBuildConfiguration;
			buildSettings = {
				ALWAYS_SEARCH_USER_PATHS = NO;
				CLANG_ANALYZER_NONNULL = YES;
				CLANG_ANALYZER_NUMBER_OBJECT_CONVERSION = YES_AGGRESSIVE;
				CLANG_CXX_LANGUAGE_STANDARD = "gnu++14";
				CLANG_CXX_LIBRARY = "libc++";
				CLANG_ENABLE_MODULES = YES;
				CLANG_ENABLE_OBJC_ARC = YES;
				CLANG_ENABLE_OBJC_WEAK = YES;
				CLANG_WARN_BLOCK_CAPTURE_AUTORELEASING = YES;
				CLANG_WARN_BOOL_CONVERSION = YES;
				CLANG_WARN_COMMA = YES;
				CLANG_WARN_CONSTANT_CONVERSION = YES;
				CLANG_WARN_DEPRECATED_OBJC_IMPLEMENTATIONS = YES;
				CLANG_WARN_DIRECT_OBJC_ISA_USAGE = YES_ERROR;
				CLANG_WARN_DOCUMENTATION_COMMENTS = YES;
				CLANG_WARN_EMPTY_BODY = YES;
				CLANG_WARN_ENUM_CONVERSION = YES;
				CLANG_WARN_INFINITE_RECURSION = YES;
				CLANG_WARN_INT_CONVERSION = YES;
				CLANG_WARN_NON_LITERAL_NULL_CONVERSION = YES;
				CLANG_WARN_OBJC_IMPLICIT_RETAIN_SELF = YES;
				CLANG_WARN_OBJC_LITERAL_CONVERSION = YES;
				CLANG_WARN_OBJC_ROOT_CLASS = YES_ERROR;
				CLANG_WARN_QUOTED_INCLUDE_IN_FRAMEWORK_HEADER = YES;
				CLANG_WARN_RANGE_LOOP_ANALYSIS = YES;
				CLANG_WARN_STRICT_PROTOTYPES = YES;
				CLANG_WARN_SUSPICIOUS_MOVE = YES;
				CLANG_WARN_UNGUARDED_AVAILABILITY = YES_AGGRESSIVE;
				CLANG_WARN_UNREACHABLE_CODE = YES;
				CLANG_WARN__DUPLICATE_METHOD_MATCH = YES;
				COPY_PHASE_STRIP = NO;
				DEBUG_INFORMATION_FORMAT = "dwarf-with-dsym";
				ENABLE_NS_ASSERTIONS = NO;
				ENABLE_STRICT_OBJC_MSGSEND = YES;
				GCC_C_LANGUAGE_STANDARD = gnu11;
				GCC_NO_COMMON_BLOCKS = YES;
				GCC_WARN_64_TO_32_BIT_CONVERSION = YES;
				GCC_WARN_ABOUT_RETURN_TYPE = YES_ERROR;
				GCC_WARN_UNDECLARED_SELECTOR = YES;
				GCC_WARN_UNINITIALIZED_AUTOS = YES_AGGRESSIVE;
				GCC_WARN_UNUSED_FUNCTION = YES;
				GCC_WARN_UNUSED_VARIABLE = YES;
				IPHONEOS_DEPLOYMENT_TARGET = 14.5;
				MTL_ENABLE_DEBUG_INFO = NO;
				MTL_FAST_MATH = YES;
				SDKROOT = iphoneos;
				SWIFT_COMPILATION_MODE = wholemodule;
				SWIFT_OPTIMIZATION_LEVEL = "-O";
				VALIDATE_PRODUCT = YES;
			};
			name = Release;
		};
		B9019F1A26459E0600520721 /* Debug */ = {
			isa = XCBuildConfiguration;
			buildSettings = {
				ASSETCATALOG_COMPILER_APPICON_NAME = AppIcon;
				ASSETCATALOG_COMPILER_GLOBAL_ACCENT_COLOR_NAME = AccentColor;
				CODE_SIGN_STYLE = Automatic;
				DEVELOPMENT_TEAM = WKZGS852Y3;
				INFOPLIST_FILE = SearchbarCustomCellHomework/Info.plist;
				LD_RUNPATH_SEARCH_PATHS = (
					"$(inherited)",
					"@executable_path/Frameworks",
				);
				PRODUCT_BUNDLE_IDENTIFIER = com.demirhanoguz.SearchbarCustomCellHomework;
				PRODUCT_NAME = "$(TARGET_NAME)";
				SWIFT_VERSION = 5.0;
				TARGETED_DEVICE_FAMILY = "1,2";
			};
			name = Debug;
		};
		B9019F1B26459E0600520721 /* Release */ = {
			isa = XCBuildConfiguration;
			buildSettings = {
				ASSETCATALOG_COMPILER_APPICON_NAME = AppIcon;
				ASSETCATALOG_COMPILER_GLOBAL_ACCENT_COLOR_NAME = AccentColor;
				CODE_SIGN_STYLE = Automatic;
				DEVELOPMENT_TEAM = WKZGS852Y3;
				INFOPLIST_FILE = SearchbarCustomCellHomework/Info.plist;
				LD_RUNPATH_SEARCH_PATHS = (
					"$(inherited)",
					"@executable_path/Frameworks",
				);
				PRODUCT_BUNDLE_IDENTIFIER = com.demirhanoguz.SearchbarCustomCellHomework;
				PRODUCT_NAME = "$(TARGET_NAME)";
				SWIFT_VERSION = 5.0;
				TARGETED_DEVICE_FAMILY = "1,2";
			};
			name = Release;
		};
/* End XCBuildConfiguration section */

/* Begin XCConfigurationList section */
		B9019F0026459E0400520721 /* Build configuration list for PBXProject "SearchbarCustomCellHomework" */ = {
			isa = XCConfigurationList;
			buildConfigurations = (
				B9019F1726459E0600520721 /* Debug */,
				B9019F1826459E0600520721 /* Release */,
			);
			defaultConfigurationIsVisible = 0;
			defaultConfigurationName = Release;
		};
		B9019F1926459E0600520721 /* Build configuration list for PBXNativeTarget "SearchbarCustomCellHomework" */ = {
			isa = XCConfigurationList;
			buildConfigurations = (
				B9019F1A26459E0600520721 /* Debug */,
				B9019F1B26459E0600520721 /* Release */,
			);
			defaultConfigurationIsVisible = 0;
			defaultConfigurationName = Release;
		};
/* End XCConfigurationList section */
	};
	rootObject = B9019EFD26459E0400520721 /* Project object */;
}
