// !$*UTF8*$!
{
	archiveVersion = 1;
	classes = {
	};
	objectVersion = 50;
	objects = {

/* Begin PBXBuildFile section */
		B9192FDB2640535B009ECA51 /* TicketsViewController.swift in Sources */ = {isa = PBXBuildFile; fileRef = B9192FDA2640535B009ECA51 /* TicketsViewController.swift */; };
		B9192FDE2640555A009ECA51 /* TicketCollectionViewCell.swift in Sources */ = {isa = PBXBuildFile; fileRef = B9192FDC2640555A009ECA51 /* TicketCollectionViewCell.swift */; };
		B9192FDF2640555A009ECA51 /* TicketCollectionViewCell.xib in Resources */ = {isa = PBXBuildFile; fileRef = B9192FDD2640555A009ECA51 /* TicketCollectionViewCell.xib */; };
		B9192FE226406E4B009ECA51 /* Ticket.swift in Sources */ = {isa = PBXBuildFile; fileRef = B9192FE126406E4B009ECA51 /* Ticket.swift */; };
		B9192FE426406EFC009ECA51 /* Passenger.swift in Sources */ = {isa = PBXBuildFile; fileRef = B9192FE326406EFC009ECA51 /* Passenger.swift */; };
		B9192FE626406F10009ECA51 /* DateClass.swift in Sources */ = {isa = PBXBuildFile; fileRef = B9192FE526406F10009ECA51 /* DateClass.swift */; };
		B9192FE826406F1D009ECA51 /* TimeClass.swift in Sources */ = {isa = PBXBuildFile; fileRef = B9192FE726406F1D009ECA51 /* TimeClass.swift */; };
		B9192FED2640845C009ECA51 /* LoginViewController.swift in Sources */ = {isa = PBXBuildFile; fileRef = B9192FEC2640845C009ECA51 /* LoginViewController.swift */; };
		B940F2E9264018D9005A4FD6 /* AppDelegate.swift in Sources */ = {isa = PBXBuildFile; fileRef = B940F2E8264018D9005A4FD6 /* AppDelegate.swift */; };
		B940F2EB264018D9005A4FD6 /* SceneDelegate.swift in Sources */ = {isa = PBXBuildFile; fileRef = B940F2EA264018D9005A4FD6 /* SceneDelegate.swift */; };
		B940F2ED264018D9005A4FD6 /* ViewController.swift in Sources */ = {isa = PBXBuildFile; fileRef = B940F2EC264018D9005A4FD6 /* ViewController.swift */; };
		B940F2F0264018D9005A4FD6 /* Main.storyboard in Resources */ = {isa = PBXBuildFile; fileRef = B940F2EE264018D9005A4FD6 /* Main.storyboard */; };
		B940F2F2264018DA005A4FD6 /* Assets.xcassets in Resources */ = {isa = PBXBuildFile; fileRef = B940F2F1264018DA005A4FD6 /* Assets.xcassets */; };
		B940F2F5264018DA005A4FD6 /* LaunchScreen.storyboard in Resources */ = {isa = PBXBuildFile; fileRef = B940F2F3264018DA005A4FD6 /* LaunchScreen.storyboard */; };
		B940F2FF26402705005A4FD6 /* SeatViewController.swift in Sources */ = {isa = PBXBuildFile; fileRef = B940F2FE26402705005A4FD6 /* SeatViewController.swift */; };
		B940F30126403DE6005A4FD6 /* SeatCollectionViewCell.swift in Sources */ = {isa = PBXBuildFile; fileRef = B940F30026403DE6005A4FD6 /* SeatCollectionViewCell.swift */; };
		B99E4FD1264147F000D188AB /* PassengerTicketViewController.swift in Sources */ = {isa = PBXBuildFile; fileRef = B99E4FD0264147F000D188AB /* PassengerTicketViewController.swift */; };
/* End PBXBuildFile section */

/* Begin PBXFileReference section */
		B9192FDA2640535B009ECA51 /* TicketsViewController.swift */ = {isa = PBXFileReference; lastKnownFileType = sourcecode.swift; path = TicketsViewController.swift; sourceTree = "<group>"; };
		B9192FDC2640555A009ECA51 /* TicketCollectionViewCell.swift */ = {isa = PBXFileReference; lastKnownFileType = sourcecode.swift; path = TicketCollectionViewCell.swift; sourceTree = "<group>"; };
		B9192FDD2640555A009ECA51 /* TicketCollectionViewCell.xib */ = {isa = PBXFileReference; lastKnownFileType = file.xib; path = TicketCollectionViewCell.xib; sourceTree = "<group>"; };
		B9192FE126406E4B009ECA51 /* Ticket.swift */ = {isa = PBXFileReference; lastKnownFileType = sourcecode.swift; path = Ticket.swift; sourceTree = "<group>"; };
		B9192FE326406EFC009ECA51 /* Passenger.swift */ = {isa = PBXFileReference; lastKnownFileType = sourcecode.swift; path = Passenger.swift; sourceTree = "<group>"; };
		B9192FE526406F10009ECA51 /* DateClass.swift */ = {isa = PBXFileReference; lastKnownFileType = sourcecode.swift; path = DateClass.swift; sourceTree = "<group>"; };
		B9192FE726406F1D009ECA51 /* TimeClass.swift */ = {isa = PBXFileReference; lastKnownFileType = sourcecode.swift; path = TimeClass.swift; sourceTree = "<group>"; };
		B9192FEC2640845C009ECA51 /* LoginViewController.swift */ = {isa = PBXFileReference; lastKnownFileType = sourcecode.swift; path = LoginViewController.swift; sourceTree = "<group>"; };
		B940F2E5264018D9005A4FD6 /* BusTicket.app */ = {isa = PBXFileReference; explicitFileType = wrapper.application; includeInIndex = 0; path = BusTicket.app; sourceTree = BUILT_PRODUCTS_DIR; };
		B940F2E8264018D9005A4FD6 /* AppDelegate.swift */ = {isa = PBXFileReference; lastKnownFileType = sourcecode.swift; path = AppDelegate.swift; sourceTree = "<group>"; };
		B940F2EA264018D9005A4FD6 /* SceneDelegate.swift */ = {isa = PBXFileReference; lastKnownFileType = sourcecode.swift; path = SceneDelegate.swift; sourceTree = "<group>"; };
		B940F2EC264018D9005A4FD6 /* ViewController.swift */ = {isa = PBXFileReference; lastKnownFileType = sourcecode.swift; path = ViewController.swift; sourceTree = "<group>"; };
		B940F2EF264018D9005A4FD6 /* Base */ = {isa = PBXFileReference; lastKnownFileType = file.storyboard; name = Base; path = Base.lproj/Main.storyboard; sourceTree = "<group>"; };
		B940F2F1264018DA005A4FD6 /* Assets.xcassets */ = {isa = PBXFileReference; lastKnownFileType = folder.assetcatalog; path = Assets.xcassets; sourceTree = "<group>"; };
		B940F2F4264018DA005A4FD6 /* Base */ = {isa = PBXFileReference; lastKnownFileType = file.storyboard; name = Base; path = Base.lproj/LaunchScreen.storyboard; sourceTree = "<group>"; };
		B940F2F6264018DA005A4FD6 /* Info.plist */ = {isa = PBXFileReference; lastKnownFileType = text.plist.xml; path = Info.plist; sourceTree = "<group>"; };
		B940F2FE26402705005A4FD6 /* SeatViewController.swift */ = {isa = PBXFileReference; lastKnownFileType = sourcecode.swift; path = SeatViewController.swift; sourceTree = "<group>"; };
		B940F30026403DE6005A4FD6 /* SeatCollectionViewCell.swift */ = {isa = PBXFileReference; lastKnownFileType = sourcecode.swift; path = SeatCollectionViewCell.swift; sourceTree = "<group>"; };
		B99E4FD0264147F000D188AB /* PassengerTicketViewController.swift */ = {isa = PBXFileReference; lastKnownFileType = sourcecode.swift; path = PassengerTicketViewController.swift; sourceTree = "<group>"; };
/* End PBXFileReference section */

/* Begin PBXFrameworksBuildPhase section */
		B940F2E2264018D9005A4FD6 /* Frameworks */ = {
			isa = PBXFrameworksBuildPhase;
			buildActionMask = 2147483647;
			files = (
			);
			runOnlyForDeploymentPostprocessing = 0;
		};
/* End PBXFrameworksBuildPhase section */

/* Begin PBXGroup section */
		B9192FE026406E19009ECA51 /* Controllers */ = {
			isa = PBXGroup;
			children = (
				B940F2FE26402705005A4FD6 /* SeatViewController.swift */,
				B9192FDA2640535B009ECA51 /* TicketsViewController.swift */,
				B940F2EC264018D9005A4FD6 /* ViewController.swift */,
				B9192FEC2640845C009ECA51 /* LoginViewController.swift */,
				B99E4FD0264147F000D188AB /* PassengerTicketViewController.swift */,
			);
			path = Controllers;
			sourceTree = "<group>";
		};
		B9192FE926406F21009ECA51 /* Classes */ = {
			isa = PBXGroup;
			children = (
				B9192FE126406E4B009ECA51 /* Ticket.swift */,
				B9192FE326406EFC009ECA51 /* Passenger.swift */,
				B9192FE526406F10009ECA51 /* DateClass.swift */,
				B9192FE726406F1D009ECA51 /* TimeClass.swift */,
			);
			path = Classes;
			sourceTree = "<group>";
		};
		B940F2DC264018D9005A4FD6 = {
			isa = PBXGroup;
			children = (
				B940F2E7264018D9005A4FD6 /* BusTicket */,
				B940F2E6264018D9005A4FD6 /* Products */,
			);
			sourceTree = "<group>";
		};
		B940F2E6264018D9005A4FD6 /* Products */ = {
			isa = PBXGroup;
			children = (
				B940F2E5264018D9005A4FD6 /* BusTicket.app */,
			);
			name = Products;
			sourceTree = "<group>";
		};
		B940F2E7264018D9005A4FD6 /* BusTicket */ = {
			isa = PBXGroup;
			children = (
				B9192FE926406F21009ECA51 /* Classes */,
				B9192FE026406E19009ECA51 /* Controllers */,
				B940F2E8264018D9005A4FD6 /* AppDelegate.swift */,
				B940F2EA264018D9005A4FD6 /* SceneDelegate.swift */,
				B940F2EE264018D9005A4FD6 /* Main.storyboard */,
				B940F2F1264018DA005A4FD6 /* Assets.xcassets */,
				B940F2F3264018DA005A4FD6 /* LaunchScreen.storyboard */,
				B940F2F6264018DA005A4FD6 /* Info.plist */,
				B940F30026403DE6005A4FD6 /* SeatCollectionViewCell.swift */,
				B9192FDC2640555A009ECA51 /* TicketCollectionViewCell.swift */,
				B9192FDD2640555A009ECA51 /* TicketCollectionViewCell.xib */,
			);
			path = BusTicket;
			sourceTree = "<group>";
		};
/* End PBXGroup section */

/* Begin PBXNativeTarget section */
		B940F2E4264018D9005A4FD6 /* BusTicket */ = {
			isa = PBXNativeTarget;
			buildConfigurationList = B940F2F9264018DA005A4FD6 /* Build configuration list for PBXNativeTarget "BusTicket" */;
			buildPhases = (
				B940F2E1264018D9005A4FD6 /* Sources */,
				B940F2E2264018D9005A4FD6 /* Frameworks */,
				B940F2E3264018D9005A4FD6 /* Resources */,
			);
			buildRules = (
			);
			dependencies = (
			);
			name = BusTicket;
			productName = BusTicket;
			productReference = B940F2E5264018D9005A4FD6 /* BusTicket.app */;
			productType = "com.apple.product-type.application";
		};
/* End PBXNativeTarget section */

/* Begin PBXProject section */
		B940F2DD264018D9005A4FD6 /* Project object */ = {
			isa = PBXProject;
			attributes = {
				LastSwiftUpdateCheck = 1250;
				LastUpgradeCheck = 1250;
				TargetAttributes = {
					B940F2E4264018D9005A4FD6 = {
						CreatedOnToolsVersion = 12.5;
					};
				};
			};
			buildConfigurationList = B940F2E0264018D9005A4FD6 /* Build configuration list for PBXProject "BusTicket" */;
			compatibilityVersion = "Xcode 9.3";
			developmentRegion = en;
			hasScannedForEncodings = 0;
			knownRegions = (
				en,
				Base,
			);
			mainGroup = B940F2DC264018D9005A4FD6;
			productRefGroup = B940F2E6264018D9005A4FD6 /* Products */;
			projectDirPath = "";
			projectRoot = "";
			targets = (
				B940F2E4264018D9005A4FD6 /* BusTicket */,
			);
		};
/* End PBXProject section */

/* Begin PBXResourcesBuildPhase section */
		B940F2E3264018D9005A4FD6 /* Resources */ = {
			isa = PBXResourcesBuildPhase;
			buildActionMask = 2147483647;
			files = (
				B9192FDF2640555A009ECA51 /* TicketCollectionViewCell.xib in Resources */,
				B940F2F5264018DA005A4FD6 /* LaunchScreen.storyboard in Resources */,
				B940F2F2264018DA005A4FD6 /* Assets.xcassets in Resources */,
				B940F2F0264018D9005A4FD6 /* Main.storyboard in Resources */,
			);
			runOnlyForDeploymentPostprocessing = 0;
		};
/* End PBXResourcesBuildPhase section */

/* Begin PBXSourcesBuildPhase section */
		B940F2E1264018D9005A4FD6 /* Sources */ = {
			isa = PBXSourcesBuildPhase;
			buildActionMask = 2147483647;
			files = (
				B940F2ED264018D9005A4FD6 /* ViewController.swift in Sources */,
				B99E4FD1264147F000D188AB /* PassengerTicketViewController.swift in Sources */,
				B9192FDB2640535B009ECA51 /* TicketsViewController.swift in Sources */,
				B9192FE426406EFC009ECA51 /* Passenger.swift in Sources */,
				B940F2E9264018D9005A4FD6 /* AppDelegate.swift in Sources */,
				B940F2FF26402705005A4FD6 /* SeatViewController.swift in Sources */,
				B9192FE626406F10009ECA51 /* DateClass.swift in Sources */,
				B9192FE226406E4B009ECA51 /* Ticket.swift in Sources */,
				B9192FDE2640555A009ECA51 /* TicketCollectionViewCell.swift in Sources */,
				B940F2EB264018D9005A4FD6 /* SceneDelegate.swift in Sources */,
				B940F30126403DE6005A4FD6 /* SeatCollectionViewCell.swift in Sources */,
				B9192FED2640845C009ECA51 /* LoginViewController.swift in Sources */,
				B9192FE826406F1D009ECA51 /* TimeClass.swift in Sources */,
			);
			runOnlyForDeploymentPostprocessing = 0;
		};
/* End PBXSourcesBuildPhase section */

/* Begin PBXVariantGroup section */
		B940F2EE264018D9005A4FD6 /* Main.storyboard */ = {
			isa = PBXVariantGroup;
			children = (
				B940F2EF264018D9005A4FD6 /* Base */,
			);
			name = Main.storyboard;
			sourceTree = "<group>";
		};
		B940F2F3264018DA005A4FD6 /* LaunchScreen.storyboard */ = {
			isa = PBXVariantGroup;
			children = (
				B940F2F4264018DA005A4FD6 /* Base */,
			);
			name = LaunchScreen.storyboard;
			sourceTree = "<group>";
		};
/* End PBXVariantGroup section */

/* Begin XCBuildConfiguration section */
		B940F2F7264018DA005A4FD6 /* Debug */ = {
			isa = XCBuildConfiguration;
			buildSettings = {
				ALWAYS_SEARCH_USER_PATHS = NO;
				CLANG_ANALYZER_NONNULL = YES;
				CLANG_ANALYZER_NUMBER_OBJECT_CONVERSION = YES_AGGRESSIVE;
				CLANG_CXX_LANGUAGE_STANDARD = "gnu++14";
				CLANG_CXX_LIBRARY = "libc++";
				CLANG_ENABLE_MODULES = YES;
				CLANG_ENABLE_OBJC_ARC = YES;
				CLANG_ENABLE_OBJC_WEAK = YES;
				CLANG_WARN_BLOCK_CAPTURE_AUTORELEASING = YES;
				CLANG_WARN_BOOL_CONVERSION = YES;
				CLANG_WARN_COMMA = YES;
				CLANG_WARN_CONSTANT_CONVERSION = YES;
				CLANG_WARN_DEPRECATED_OBJC_IMPLEMENTATIONS = YES;
				CLANG_WARN_DIRECT_OBJC_ISA_USAGE = YES_ERROR;
				CLANG_WARN_DOCUMENTATION_COMMENTS = YES;
				CLANG_WARN_EMPTY_BODY = YES;
				CLANG_WARN_ENUM_CONVERSION = YES;
				CLANG_WARN_INFINITE_RECURSION = YES;
				CLANG_WARN_INT_CONVERSION = YES;
				CLANG_WARN_NON_LITERAL_NULL_CONVERSION = YES;
				CLANG_WARN_OBJC_IMPLICIT_RETAIN_SELF = YES;
				CLANG_WARN_OBJC_LITERAL_CONVERSION = YES;
				CLANG_WARN_OBJC_ROOT_CLASS = YES_ERROR;
				CLANG_WARN_QUOTED_INCLUDE_IN_FRAMEWORK_HEADER = YES;
				CLANG_WARN_RANGE_LOOP_ANALYSIS = YES;
				CLANG_WARN_STRICT_PROTOTYPES = YES;
				CLANG_WARN_SUSPICIOUS_MOVE = YES;
				CLANG_WARN_UNGUARDED_AVAILABILITY = YES_AGGRESSIVE;
				CLANG_WARN_UNREACHABLE_CODE = YES;
				CLANG_WARN__DUPLICATE_METHOD_MATCH = YES;
				COPY_PHASE_STRIP = NO;
				DEBUG_INFORMATION_FORMAT = dwarf;
				ENABLE_STRICT_OBJC_MSGSEND = YES;
				ENABLE_TESTABILITY = YES;
				GCC_C_LANGUAGE_STANDARD = gnu11;
				GCC_DYNAMIC_NO_PIC = NO;
				GCC_NO_COMMON_BLOCKS = YES;
				GCC_OPTIMIZATION_LEVEL = 0;
				GCC_PREPROCESSOR_DEFINITIONS = (
					"DEBUG=1",
					"$(inherited)",
				);
				GCC_WARN_64_TO_32_BIT_CONVERSION = YES;
				GCC_WARN_ABOUT_RETURN_TYPE = YES_ERROR;
				GCC_WARN_UNDECLARED_SELECTOR = YES;
				GCC_WARN_UNINITIALIZED_AUTOS = YES_AGGRESSIVE;
				GCC_WARN_UNUSED_FUNCTION = YES;
				GCC_WARN_UNUSED_VARIABLE = YES;
				IPHONEOS_DEPLOYMENT_TARGET = 14.5;
				MTL_ENABLE_DEBUG_INFO = INCLUDE_SOURCE;
				MTL_FAST_MATH = YES;
				ONLY_ACTIVE_ARCH = YES;
				SDKROOT = iphoneos;
				SWIFT_ACTIVE_COMPILATION_CONDITIONS = DEBUG;
				SWIFT_OPTIMIZATION_LEVEL = "-Onone";
			};
			name = Debug;
		};
		B940F2F8264018DA005A4FD6 /* Release */ = {
			isa = XCBuildConfiguration;
			buildSettings = {
				ALWAYS_SEARCH_USER_PATHS = NO;
				CLANG_ANALYZER_NONNULL = YES;
				CLANG_ANALYZER_NUMBER_OBJECT_CONVERSION = YES_AGGRESSIVE;
				CLANG_CXX_LANGUAGE_STANDARD = "gnu++14";
				CLANG_CXX_LIBRARY = "libc++";
				CLANG_ENABLE_MODULES = YES;
				CLANG_ENABLE_OBJC_ARC = YES;
				CLANG_ENABLE_OBJC_WEAK = YES;
				CLANG_WARN_BLOCK_CAPTURE_AUTORELEASING = YES;
				CLANG_WARN_BOOL_CONVERSION = YES;
				CLANG_WARN_COMMA = YES;
				CLANG_WARN_CONSTANT_CONVERSION = YES;
				CLANG_WARN_DEPRECATED_OBJC_IMPLEMENTATIONS = YES;
				CLANG_WARN_DIRECT_OBJC_ISA_USAGE = YES_ERROR;
				CLANG_WARN_DOCUMENTATION_COMMENTS = YES;
				CLANG_WARN_EMPTY_BODY = YES;
				CLANG_WARN_ENUM_CONVERSION = YES;
				CLANG_WARN_INFINITE_RECURSION = YES;
				CLANG_WARN_INT_CONVERSION = YES;
				CLANG_WARN_NON_LITERAL_NULL_CONVERSION = YES;
				CLANG_WARN_OBJC_IMPLICIT_RETAIN_SELF = YES;
				CLANG_WARN_OBJC_LITERAL_CONVERSION = YES;
				CLANG_WARN_OBJC_ROOT_CLASS = YES_ERROR;
				CLANG_WARN_QUOTED_INCLUDE_IN_FRAMEWORK_HEADER = YES;
				CLANG_WARN_RANGE_LOOP_ANALYSIS = YES;
				CLANG_WARN_STRICT_PROTOTYPES = YES;
				CLANG_WARN_SUSPICIOUS_MOVE = YES;
				CLANG_WARN_UNGUARDED_AVAILABILITY = YES_AGGRESSIVE;
				CLANG_WARN_UNREACHABLE_CODE = YES;
				CLANG_WARN__DUPLICATE_METHOD_MATCH = YES;
				COPY_PHASE_STRIP = NO;
				DEBUG_INFORMATION_FORMAT = "dwarf-with-dsym";
				ENABLE_NS_ASSERTIONS = NO;
				ENABLE_STRICT_OBJC_MSGSEND = YES;
				GCC_C_LANGUAGE_STANDARD = gnu11;
				GCC_NO_COMMON_BLOCKS = YES;
				GCC_WARN_64_TO_32_BIT_CONVERSION = YES;
				GCC_WARN_ABOUT_RETURN_TYPE = YES_ERROR;
				GCC_WARN_UNDECLARED_SELECTOR = YES;
				GCC_WARN_UNINITIALIZED_AUTOS = YES_AGGRESSIVE;
				GCC_WARN_UNUSED_FUNCTION = YES;
				GCC_WARN_UNUSED_VARIABLE = YES;
				IPHONEOS_DEPLOYMENT_TARGET = 14.5;
				MTL_ENABLE_DEBUG_INFO = NO;
				MTL_FAST_MATH = YES;
				SDKROOT = iphoneos;
				SWIFT_COMPILATION_MODE = wholemodule;
				SWIFT_OPTIMIZATION_LEVEL = "-O";
				VALIDATE_PRODUCT = YES;
			};
			name = Release;
		};
		B940F2FA264018DA005A4FD6 /* Debug */ = {
			isa = XCBuildConfiguration;
			buildSettings = {
				ASSETCATALOG_COMPILER_APPICON_NAME = AppIcon;
				ASSETCATALOG_COMPILER_GLOBAL_ACCENT_COLOR_NAME = AccentColor;
				CODE_SIGN_STYLE = Automatic;
				DEVELOPMENT_TEAM = WKZGS852Y3;
				INFOPLIST_FILE = BusTicket/Info.plist;
				LD_RUNPATH_SEARCH_PATHS = (
					"$(inherited)",
					"@executable_path/Frameworks",
				);
				PRODUCT_BUNDLE_IDENTIFIER = com.demirhanoguz.BusTicket;
				PRODUCT_NAME = "$(TARGET_NAME)";
				SWIFT_VERSION = 5.0;
				TARGETED_DEVICE_FAMILY = "1,2";
			};
			name = Debug;
		};
		B940F2FB264018DA005A4FD6 /* Release */ = {
			isa = XCBuildConfiguration;
			buildSettings = {
				ASSETCATALOG_COMPILER_APPICON_NAME = AppIcon;
				ASSETCATALOG_COMPILER_GLOBAL_ACCENT_COLOR_NAME = AccentColor;
				CODE_SIGN_STYLE = Automatic;
				DEVELOPMENT_TEAM = WKZGS852Y3;
				INFOPLIST_FILE = BusTicket/Info.plist;
				LD_RUNPATH_SEARCH_PATHS = (
					"$(inherited)",
					"@executable_path/Frameworks",
				);
				PRODUCT_BUNDLE_IDENTIFIER = com.demirhanoguz.BusTicket;
				PRODUCT_NAME = "$(TARGET_NAME)";
				SWIFT_VERSION = 5.0;
				TARGETED_DEVICE_FAMILY = "1,2";
			};
			name = Release;
		};
/* End XCBuildConfiguration section */

/* Begin XCConfigurationList section */
		B940F2E0264018D9005A4FD6 /* Build configuration list for PBXProject "BusTicket" */ = {
			isa = XCConfigurationList;
			buildConfigurations = (
				B940F2F7264018DA005A4FD6 /* Debug */,
				B940F2F8264018DA005A4FD6 /* Release */,
			);
			defaultConfigurationIsVisible = 0;
			defaultConfigurationName = Release;
		};
		B940F2F9264018DA005A4FD6 /* Build configuration list for PBXNativeTarget "BusTicket" */ = {
			isa = XCConfigurationList;
			buildConfigurations = (
				B940F2FA264018DA005A4FD6 /* Debug */,
				B940F2FB264018DA005A4FD6 /* Release */,
			);
			defaultConfigurationIsVisible = 0;
			defaultConfigurationName = Release;
		};
/* End XCConfigurationList section */
	};
	rootObject = B940F2DD264018D9005A4FD6 /* Project object */;
}
