// !$*UTF8*$!
{
	archiveVersion = 1;
	classes = {
	};
	objectVersion = 50;
	objects = {

/* Begin PBXBuildFile section */
		B916383E264DD12D0038E195 /* AppDelegate.swift in Sources */ = {isa = PBXBuildFile; fileRef = B916383D264DD12D0038E195 /* AppDelegate.swift */; };
		B9163840264DD12D0038E195 /* SceneDelegate.swift in Sources */ = {isa = PBXBuildFile; fileRef = B916383F264DD12D0038E195 /* SceneDelegate.swift */; };
		B9163842264DD12D0038E195 /* ViewController.swift in Sources */ = {isa = PBXBuildFile; fileRef = B9163841264DD12D0038E195 /* ViewController.swift */; };
		B9163845264DD12D0038E195 /* Main.storyboard in Resources */ = {isa = PBXBuildFile; fileRef = B9163843264DD12D0038E195 /* Main.storyboard */; };
		B9163848264DD12D0038E195 /* VirtualPet.xcdatamodeld in Sources */ = {isa = PBXBuildFile; fileRef = B9163846264DD12D0038E195 /* VirtualPet.xcdatamodeld */; };
		B916384A264DD12E0038E195 /* Assets.xcassets in Resources */ = {isa = PBXBuildFile; fileRef = B9163849264DD12E0038E195 /* Assets.xcassets */; };
		B916384D264DD12E0038E195 /* LaunchScreen.storyboard in Resources */ = {isa = PBXBuildFile; fileRef = B916384B264DD12E0038E195 /* LaunchScreen.storyboard */; };
		B9163855264DD2A90038E195 /* AddAnimalViewController.swift in Sources */ = {isa = PBXBuildFile; fileRef = B9163854264DD2A90038E195 /* AddAnimalViewController.swift */; };
		B9163857264DD9980038E195 /* VirtualPetTabBarController.swift in Sources */ = {isa = PBXBuildFile; fileRef = B9163856264DD9980038E195 /* VirtualPetTabBarController.swift */; };
		B9163859264DDA810038E195 /* AnimalGalleryViewController.swift in Sources */ = {isa = PBXBuildFile; fileRef = B9163858264DDA810038E195 /* AnimalGalleryViewController.swift */; };
		B916385D264DE8A40038E195 /* PhotoCollectionViewCell.swift in Sources */ = {isa = PBXBuildFile; fileRef = B916385C264DE8A40038E195 /* PhotoCollectionViewCell.swift */; };
/* End PBXBuildFile section */

/* Begin PBXFileReference section */
		B916383A264DD12D0038E195 /* VirtualPet.app */ = {isa = PBXFileReference; explicitFileType = wrapper.application; includeInIndex = 0; path = VirtualPet.app; sourceTree = BUILT_PRODUCTS_DIR; };
		B916383D264DD12D0038E195 /* AppDelegate.swift */ = {isa = PBXFileReference; lastKnownFileType = sourcecode.swift; path = AppDelegate.swift; sourceTree = "<group>"; };
		B916383F264DD12D0038E195 /* SceneDelegate.swift */ = {isa = PBXFileReference; lastKnownFileType = sourcecode.swift; path = SceneDelegate.swift; sourceTree = "<group>"; };
		B9163841264DD12D0038E195 /* ViewController.swift */ = {isa = PBXFileReference; lastKnownFileType = sourcecode.swift; path = ViewController.swift; sourceTree = "<group>"; };
		B9163844264DD12D0038E195 /* Base */ = {isa = PBXFileReference; lastKnownFileType = file.storyboard; name = Base; path = Base.lproj/Main.storyboard; sourceTree = "<group>"; };
		B9163847264DD12D0038E195 /* VirtualPet.xcdatamodel */ = {isa = PBXFileReference; lastKnownFileType = wrapper.xcdatamodel; path = VirtualPet.xcdatamodel; sourceTree = "<group>"; };
		B9163849264DD12E0038E195 /* Assets.xcassets */ = {isa = PBXFileReference; lastKnownFileType = folder.assetcatalog; path = Assets.xcassets; sourceTree = "<group>"; };
		B916384C264DD12E0038E195 /* Base */ = {isa = PBXFileReference; lastKnownFileType = file.storyboard; name = Base; path = Base.lproj/LaunchScreen.storyboard; sourceTree = "<group>"; };
		B916384E264DD12E0038E195 /* Info.plist */ = {isa = PBXFileReference; lastKnownFileType = text.plist.xml; path = Info.plist; sourceTree = "<group>"; };
		B9163854264DD2A90038E195 /* AddAnimalViewController.swift */ = {isa = PBXFileReference; lastKnownFileType = sourcecode.swift; path = AddAnimalViewController.swift; sourceTree = "<group>"; };
		B9163856264DD9980038E195 /* VirtualPetTabBarController.swift */ = {isa = PBXFileReference; lastKnownFileType = sourcecode.swift; path = VirtualPetTabBarController.swift; sourceTree = "<group>"; };
		B9163858264DDA810038E195 /* AnimalGalleryViewController.swift */ = {isa = PBXFileReference; lastKnownFileType = sourcecode.swift; path = AnimalGalleryViewController.swift; sourceTree = "<group>"; };
		B916385C264DE8A40038E195 /* PhotoCollectionViewCell.swift */ = {isa = PBXFileReference; lastKnownFileType = sourcecode.swift; path = PhotoCollectionViewCell.swift; sourceTree = "<group>"; };
/* End PBXFileReference section */

/* Begin PBXFrameworksBuildPhase section */
		B9163837264DD12D0038E195 /* Frameworks */ = {
			isa = PBXFrameworksBuildPhase;
			buildActionMask = 2147483647;
			files = (
			);
			runOnlyForDeploymentPostprocessing = 0;
		};
/* End PBXFrameworksBuildPhase section */

/* Begin PBXGroup section */
		B9163831264DD12D0038E195 = {
			isa = PBXGroup;
			children = (
				B916383C264DD12D0038E195 /* VirtualPet */,
				B916383B264DD12D0038E195 /* Products */,
			);
			sourceTree = "<group>";
		};
		B916383B264DD12D0038E195 /* Products */ = {
			isa = PBXGroup;
			children = (
				B916383A264DD12D0038E195 /* VirtualPet.app */,
			);
			name = Products;
			sourceTree = "<group>";
		};
		B916383C264DD12D0038E195 /* VirtualPet */ = {
			isa = PBXGroup;
			children = (
				B916383D264DD12D0038E195 /* AppDelegate.swift */,
				B916383F264DD12D0038E195 /* SceneDelegate.swift */,
				B9163843264DD12D0038E195 /* Main.storyboard */,
				B9163849264DD12E0038E195 /* Assets.xcassets */,
				B916384B264DD12E0038E195 /* LaunchScreen.storyboard */,
				B916384E264DD12E0038E195 /* Info.plist */,
				B9163846264DD12D0038E195 /* VirtualPet.xcdatamodeld */,
				B9163841264DD12D0038E195 /* ViewController.swift */,
				B9163854264DD2A90038E195 /* AddAnimalViewController.swift */,
				B9163856264DD9980038E195 /* VirtualPetTabBarController.swift */,
				B9163858264DDA810038E195 /* AnimalGalleryViewController.swift */,
				B916385C264DE8A40038E195 /* PhotoCollectionViewCell.swift */,
			);
			path = VirtualPet;
			sourceTree = "<group>";
		};
/* End PBXGroup section */

/* Begin PBXNativeTarget section */
		B9163839264DD12D0038E195 /* VirtualPet */ = {
			isa = PBXNativeTarget;
			buildConfigurationList = B9163851264DD12E0038E195 /* Build configuration list for PBXNativeTarget "VirtualPet" */;
			buildPhases = (
				B9163836264DD12D0038E195 /* Sources */,
				B9163837264DD12D0038E195 /* Frameworks */,
				B9163838264DD12D0038E195 /* Resources */,
			);
			buildRules = (
			);
			dependencies = (
			);
			name = VirtualPet;
			productName = VirtualPet;
			productReference = B916383A264DD12D0038E195 /* VirtualPet.app */;
			productType = "com.apple.product-type.application";
		};
/* End PBXNativeTarget section */

/* Begin PBXProject section */
		B9163832264DD12D0038E195 /* Project object */ = {
			isa = PBXProject;
			attributes = {
				LastSwiftUpdateCheck = 1250;
				LastUpgradeCheck = 1250;
				TargetAttributes = {
					B9163839264DD12D0038E195 = {
						CreatedOnToolsVersion = 12.5;
					};
				};
			};
			buildConfigurationList = B9163835264DD12D0038E195 /* Build configuration list for PBXProject "VirtualPet" */;
			compatibilityVersion = "Xcode 9.3";
			developmentRegion = en;
			hasScannedForEncodings = 0;
			knownRegions = (
				en,
				Base,
			);
			mainGroup = B9163831264DD12D0038E195;
			productRefGroup = B916383B264DD12D0038E195 /* Products */;
			projectDirPath = "";
			projectRoot = "";
			targets = (
				B9163839264DD12D0038E195 /* VirtualPet */,
			);
		};
/* End PBXProject section */

/* Begin PBXResourcesBuildPhase section */
		B9163838264DD12D0038E195 /* Resources */ = {
			isa = PBXResourcesBuildPhase;
			buildActionMask = 2147483647;
			files = (
				B916384D264DD12E0038E195 /* LaunchScreen.storyboard in Resources */,
				B916384A264DD12E0038E195 /* Assets.xcassets in Resources */,
				B9163845264DD12D0038E195 /* Main.storyboard in Resources */,
			);
			runOnlyForDeploymentPostprocessing = 0;
		};
/* End PBXResourcesBuildPhase section */

/* Begin PBXSourcesBuildPhase section */
		B9163836264DD12D0038E195 /* Sources */ = {
			isa = PBXSourcesBuildPhase;
			buildActionMask = 2147483647;
			files = (
				B9163842264DD12D0038E195 /* ViewController.swift in Sources */,
				B916385D264DE8A40038E195 /* PhotoCollectionViewCell.swift in Sources */,
				B916383E264DD12D0038E195 /* AppDelegate.swift in Sources */,
				B9163857264DD9980038E195 /* VirtualPetTabBarController.swift in Sources */,
				B9163840264DD12D0038E195 /* SceneDelegate.swift in Sources */,
				B9163859264DDA810038E195 /* AnimalGalleryViewController.swift in Sources */,
				B9163848264DD12D0038E195 /* VirtualPet.xcdatamodeld in Sources */,
				B9163855264DD2A90038E195 /* AddAnimalViewController.swift in Sources */,
			);
			runOnlyForDeploymentPostprocessing = 0;
		};
/* End PBXSourcesBuildPhase section */

/* Begin PBXVariantGroup section */
		B9163843264DD12D0038E195 /* Main.storyboard */ = {
			isa = PBXVariantGroup;
			children = (
				B9163844264DD12D0038E195 /* Base */,
			);
			name = Main.storyboard;
			sourceTree = "<group>";
		};
		B916384B264DD12E0038E195 /* LaunchScreen.storyboard */ = {
			isa = PBXVariantGroup;
			children = (
				B916384C264DD12E0038E195 /* Base */,
			);
			name = LaunchScreen.storyboard;
			sourceTree = "<group>";
		};
/* End PBXVariantGroup section */

/* Begin XCBuildConfiguration section */
		B916384F264DD12E0038E195 /* Debug */ = {
			isa = XCBuildConfiguration;
			buildSettings = {
				ALWAYS_SEARCH_USER_PATHS = NO;
				CLANG_ANALYZER_NONNULL = YES;
				CLANG_ANALYZER_NUMBER_OBJECT_CONVERSION = YES_AGGRESSIVE;
				CLANG_CXX_LANGUAGE_STANDARD = "gnu++14";
				CLANG_CXX_LIBRARY = "libc++";
				CLANG_ENABLE_MODULES = YES;
				CLANG_ENABLE_OBJC_ARC = YES;
				CLANG_ENABLE_OBJC_WEAK = YES;
				CLANG_WARN_BLOCK_CAPTURE_AUTORELEASING = YES;
				CLANG_WARN_BOOL_CONVERSION = YES;
				CLANG_WARN_COMMA = YES;
				CLANG_WARN_CONSTANT_CONVERSION = YES;
				CLANG_WARN_DEPRECATED_OBJC_IMPLEMENTATIONS = YES;
				CLANG_WARN_DIRECT_OBJC_ISA_USAGE = YES_ERROR;
				CLANG_WARN_DOCUMENTATION_COMMENTS = YES;
				CLANG_WARN_EMPTY_BODY = YES;
				CLANG_WARN_ENUM_CONVERSION = YES;
				CLANG_WARN_INFINITE_RECURSION = YES;
				CLANG_WARN_INT_CONVERSION = YES;
				CLANG_WARN_NON_LITERAL_NULL_CONVERSION = YES;
				CLANG_WARN_OBJC_IMPLICIT_RETAIN_SELF = YES;
				CLANG_WARN_OBJC_LITERAL_CONVERSION = YES;
				CLANG_WARN_OBJC_ROOT_CLASS = YES_ERROR;
				CLANG_WARN_QUOTED_INCLUDE_IN_FRAMEWORK_HEADER = YES;
				CLANG_WARN_RANGE_LOOP_ANALYSIS = YES;
				CLANG_WARN_STRICT_PROTOTYPES = YES;
				CLANG_WARN_SUSPICIOUS_MOVE = YES;
				CLANG_WARN_UNGUARDED_AVAILABILITY = YES_AGGRESSIVE;
				CLANG_WARN_UNREACHABLE_CODE = YES;
				CLANG_WARN__DUPLICATE_METHOD_MATCH = YES;
				COPY_PHASE_STRIP = NO;
				DEBUG_INFORMATION_FORMAT = dwarf;
				ENABLE_STRICT_OBJC_MSGSEND = YES;
				ENABLE_TESTABILITY = YES;
				GCC_C_LANGUAGE_STANDARD = gnu11;
				GCC_DYNAMIC_NO_PIC = NO;
				GCC_NO_COMMON_BLOCKS = YES;
				GCC_OPTIMIZATION_LEVEL = 0;
				GCC_PREPROCESSOR_DEFINITIONS = (
					"DEBUG=1",
					"$(inherited)",
				);
				GCC_WARN_64_TO_32_BIT_CONVERSION = YES;
				GCC_WARN_ABOUT_RETURN_TYPE = YES_ERROR;
				GCC_WARN_UNDECLARED_SELECTOR = YES;
				GCC_WARN_UNINITIALIZED_AUTOS = YES_AGGRESSIVE;
				GCC_WARN_UNUSED_FUNCTION = YES;
				GCC_WARN_UNUSED_VARIABLE = YES;
				IPHONEOS_DEPLOYMENT_TARGET = 14.5;
				MTL_ENABLE_DEBUG_INFO = INCLUDE_SOURCE;
				MTL_FAST_MATH = YES;
				ONLY_ACTIVE_ARCH = YES;
				SDKROOT = iphoneos;
				SWIFT_ACTIVE_COMPILATION_CONDITIONS = DEBUG;
				SWIFT_OPTIMIZATION_LEVEL = "-Onone";
			};
			name = Debug;
		};
		B9163850264DD12E0038E195 /* Release */ = {
			isa = XCBuildConfiguration;
			buildSettings = {
				ALWAYS_SEARCH_USER_PATHS = NO;
				CLANG_ANALYZER_NONNULL = YES;
				CLANG_ANALYZER_NUMBER_OBJECT_CONVERSION = YES_AGGRESSIVE;
				CLANG_CXX_LANGUAGE_STANDARD = "gnu++14";
				CLANG_CXX_LIBRARY = "libc++";
				CLANG_ENABLE_MODULES = YES;
				CLANG_ENABLE_OBJC_ARC = YES;
				CLANG_ENABLE_OBJC_WEAK = YES;
				CLANG_WARN_BLOCK_CAPTURE_AUTORELEASING = YES;
				CLANG_WARN_BOOL_CONVERSION = YES;
				CLANG_WARN_COMMA = YES;
				CLANG_WARN_CONSTANT_CONVERSION = YES;
				CLANG_WARN_DEPRECATED_OBJC_IMPLEMENTATIONS = YES;
				CLANG_WARN_DIRECT_OBJC_ISA_USAGE = YES_ERROR;
				CLANG_WARN_DOCUMENTATION_COMMENTS = YES;
				CLANG_WARN_EMPTY_BODY = YES;
				CLANG_WARN_ENUM_CONVERSION = YES;
				CLANG_WARN_INFINITE_RECURSION = YES;
				CLANG_WARN_INT_CONVERSION = YES;
				CLANG_WARN_NON_LITERAL_NULL_CONVERSION = YES;
				CLANG_WARN_OBJC_IMPLICIT_RETAIN_SELF = YES;
				CLANG_WARN_OBJC_LITERAL_CONVERSION = YES;
				CLANG_WARN_OBJC_ROOT_CLASS = YES_ERROR;
				CLANG_WARN_QUOTED_INCLUDE_IN_FRAMEWORK_HEADER = YES;
				CLANG_WARN_RANGE_LOOP_ANALYSIS = YES;
				CLANG_WARN_STRICT_PROTOTYPES = YES;
				CLANG_WARN_SUSPICIOUS_MOVE = YES;
				CLANG_WARN_UNGUARDED_AVAILABILITY = YES_AGGRESSIVE;
				CLANG_WARN_UNREACHABLE_CODE = YES;
				CLANG_WARN__DUPLICATE_METHOD_MATCH = YES;
				COPY_PHASE_STRIP = NO;
				DEBUG_INFORMATION_FORMAT = "dwarf-with-dsym";
				ENABLE_NS_ASSERTIONS = NO;
				ENABLE_STRICT_OBJC_MSGSEND = YES;
				GCC_C_LANGUAGE_STANDARD = gnu11;
				GCC_NO_COMMON_BLOCKS = YES;
				GCC_WARN_64_TO_32_BIT_CONVERSION = YES;
				GCC_WARN_ABOUT_RETURN_TYPE = YES_ERROR;
				GCC_WARN_UNDECLARED_SELECTOR = YES;
				GCC_WARN_UNINITIALIZED_AUTOS = YES_AGGRESSIVE;
				GCC_WARN_UNUSED_FUNCTION = YES;
				GCC_WARN_UNUSED_VARIABLE = YES;
				IPHONEOS_DEPLOYMENT_TARGET = 14.5;
				MTL_ENABLE_DEBUG_INFO = NO;
				MTL_FAST_MATH = YES;
				SDKROOT = iphoneos;
				SWIFT_COMPILATION_MODE = wholemodule;
				SWIFT_OPTIMIZATION_LEVEL = "-O";
				VALIDATE_PRODUCT = YES;
			};
			name = Release;
		};
		B9163852264DD12E0038E195 /* Debug */ = {
			isa = XCBuildConfiguration;
			buildSettings = {
				ASSETCATALOG_COMPILER_APPICON_NAME = AppIcon;
				ASSETCATALOG_COMPILER_GLOBAL_ACCENT_COLOR_NAME = AccentColor;
				CODE_SIGN_STYLE = Automatic;
				DEVELOPMENT_TEAM = WKZGS852Y3;
				INFOPLIST_FILE = VirtualPet/Info.plist;
				LD_RUNPATH_SEARCH_PATHS = (
					"$(inherited)",
					"@executable_path/Frameworks",
				);
				PRODUCT_BUNDLE_IDENTIFIER = com.demirhanoguz.VirtualPet;
				PRODUCT_NAME = "$(TARGET_NAME)";
				SWIFT_VERSION = 5.0;
				TARGETED_DEVICE_FAMILY = "1,2";
			};
			name = Debug;
		};
		B9163853264DD12E0038E195 /* Release */ = {
			isa = XCBuildConfiguration;
			buildSettings = {
				ASSETCATALOG_COMPILER_APPICON_NAME = AppIcon;
				ASSETCATALOG_COMPILER_GLOBAL_ACCENT_COLOR_NAME = AccentColor;
				CODE_SIGN_STYLE = Automatic;
				DEVELOPMENT_TEAM = WKZGS852Y3;
				INFOPLIST_FILE = VirtualPet/Info.plist;
				LD_RUNPATH_SEARCH_PATHS = (
					"$(inherited)",
					"@executable_path/Frameworks",
				);
				PRODUCT_BUNDLE_IDENTIFIER = com.demirhanoguz.VirtualPet;
				PRODUCT_NAME = "$(TARGET_NAME)";
				SWIFT_VERSION = 5.0;
				TARGETED_DEVICE_FAMILY = "1,2";
			};
			name = Release;
		};
/* End XCBuildConfiguration section */

/* Begin XCConfigurationList section */
		B9163835264DD12D0038E195 /* Build configuration list for PBXProject "VirtualPet" */ = {
			isa = XCConfigurationList;
			buildConfigurations = (
				B916384F264DD12E0038E195 /* Debug */,
				B9163850264DD12E0038E195 /* Release */,
			);
			defaultConfigurationIsVisible = 0;
			defaultConfigurationName = Release;
		};
		B9163851264DD12E0038E195 /* Build configuration list for PBXNativeTarget "VirtualPet" */ = {
			isa = XCConfigurationList;
			buildConfigurations = (
				B9163852264DD12E0038E195 /* Debug */,
				B9163853264DD12E0038E195 /* Release */,
			);
			defaultConfigurationIsVisible = 0;
			defaultConfigurationName = Release;
		};
/* End XCConfigurationList section */

/* Begin XCVersionGroup section */
		B9163846264DD12D0038E195 /* VirtualPet.xcdatamodeld */ = {
			isa = XCVersionGroup;
			children = (
				B9163847264DD12D0038E195 /* VirtualPet.xcdatamodel */,
			);
			currentVersion = B9163847264DD12D0038E195 /* VirtualPet.xcdatamodel */;
			path = VirtualPet.xcdatamodeld;
			sourceTree = "<group>";
			versionGroupType = wrapper.xcdatamodel;
		};
/* End XCVersionGroup section */
	};
	rootObject = B9163832264DD12D0038E195 /* Project object */;
}
